
Microsoft Visual Studio Solution File, Format Version 12.00
# Visual Studio 15
VisualStudioVersion = 15.0.26730.12
MinimumVisualStudioVersion = 10.0.40219.1
Project("{FAE04EC0-301F-11D3-BF4B-00C04F79EFBC}") = "GoogleDriveExcelImporter", "GoogleDriveExcelImporter\GoogleDriveExcelImporter.csproj", "{2A10191C-90C1-4B5D-9E38-5BD013174E9C}"
EndProject
Project("{FAE04EC0-301F-11D3-BF4B-00C04F79EFBC}") = "TableMaker.Beta", "TableMaker.Beta\TableMaker.Beta.csproj", "{BB1CF96B-39B1-40CC-9401-B4B866364110}"
EndProject
Global
	GlobalSection(SolutionConfigurationPlatforms) = preSolution
		Debug|Any CPU = Debug|Any CPU
		Release|Any CPU = Release|Any CPU
	EndGlobalSection
	GlobalSection(ProjectConfigurationPlatforms) = postSolution
		{2A10191C-90C1-4B5D-9E38-5BD013174E9C}.Debug|Any CPU.ActiveCfg = Debug|Any CPU
		{2A10191C-90C1-4B5D-9E38-5BD013174E9C}.Debug|Any CPU.Build.0 = Debug|Any CPU
		{2A10191C-90C1-4B5D-9E38-5BD013174E9C}.Release|Any CPU.ActiveCfg = Release|Any CPU
		{2A10191C-90C1-4B5D-9E38-5BD013174E9C}.Release|Any CPU.Build.0 = Release|Any CPU
		{BB1CF96B-39B1-40CC-9401-B4B866364110}.Debug|Any CPU.ActiveCfg = Debug|Any CPU
		{BB1CF96B-39B1-40CC-9401-B4B866364110}.Debug|Any CPU.Build.0 = Debug|Any CPU
		{BB1CF96B-39B1-40CC-9401-B4B866364110}.Release|Any CPU.ActiveCfg = Release|Any CPU
		{BB1CF96B-39B1-40CC-9401-B4B866364110}.Release|Any CPU.Build.0 = Release|Any CPU
	EndGlobalSection
	GlobalSection(SolutionProperties) = preSolution
		HideSolutionNode = FALSE
	EndGlobalSection
	GlobalSection(ExtensibilityGlobals) = postSolution
		SolutionGuid = {015C8C9C-988B-4C87-97CA-FDA14D4FEC14}
	EndGlobalSection
EndGlobal
